
Microsoft Visual Studio Solution File, Format Version 12.00
# Visual Studio Version 17
VisualStudioVersion = 17.9.34728.123
MinimumVisualStudioVersion = 10.0.40219.1
Project("{FAE04EC0-301F-11D3-BF4B-00C04F79EFBC}") = "CleanArchitectureDemo.WebApi", "CleanArchitectureDemo\CleanArchitectureDemo.WebApi.csproj", "{080E553D-8375-4D57-B553-1D946E6F71E7}"
EndProject
Project("{FAE04EC0-301F-11D3-BF4B-00C04F79EFBC}") = "CleanArchitectureDemo.Domain", "CleanArchitectureDemo.Domain\CleanArchitectureDemo.Domain.csproj", "{C0392B98-E5C3-456C-88CC-DE1DDEB35B7E}"
EndProject
Project("{FAE04EC0-301F-11D3-BF4B-00C04F79EFBC}") = "CleanArchitectureDemo.Application", "CleanArchitectureDemo.Application\CleanArchitectureDemo.Application.csproj", "{26D05630-679C-4267-88FE-46DCF397C50E}"
EndProject
Project("{FAE04EC0-301F-11D3-BF4B-00C04F79EFBC}") = "CleanArchitectureDemo.Infrastructure", "CleanArchitectureDemo.Infrastructure\CleanArchitectureDemo.Infrastructure.csproj", "{95C5CA1E-831D-4C42-A18E-DC43199E1C08}"
EndProject
Project("{2150E333-8FDC-42A3-9474-1A3956D46DE8}") = "src", "src", "{2657F428-129B-4640-B061-F233827C1332}"
EndProject
Project("{2150E333-8FDC-42A3-9474-1A3956D46DE8}") = "test", "test", "{5EADB54B-CBBA-4609-BBD9-CDF012031950}"
EndProject
Project("{2150E333-8FDC-42A3-9474-1A3956D46DE8}") = "API", "API", "{94C082D4-398D-4978-940C-B6E459850466}"
EndProject
Project("{2150E333-8FDC-42A3-9474-1A3956D46DE8}") = "Core", "Core", "{7CEBF8F5-85B2-4767-8CAF-8FF2A6ED70EE}"
EndProject
Project("{2150E333-8FDC-42A3-9474-1A3956D46DE8}") = "UI", "UI", "{222AA629-F9A1-4008-8F70-6E8991C3F172}"
EndProject
Project("{2150E333-8FDC-42A3-9474-1A3956D46DE8}") = "Infrastructure", "Infrastructure", "{A78800B7-EE9B-4D70-9EEE-1222D375137A}"
EndProject
Global
	GlobalSection(SolutionConfigurationPlatforms) = preSolution
		Debug|Any CPU = Debug|Any CPU
		Release|Any CPU = Release|Any CPU
	EndGlobalSection
	GlobalSection(ProjectConfigurationPlatforms) = postSolution
		{080E553D-8375-4D57-B553-1D946E6F71E7}.Debug|Any CPU.ActiveCfg = Debug|Any CPU
		{080E553D-8375-4D57-B553-1D946E6F71E7}.Debug|Any CPU.Build.0 = Debug|Any CPU
		{080E553D-8375-4D57-B553-1D946E6F71E7}.Release|Any CPU.ActiveCfg = Release|Any CPU
		{080E553D-8375-4D57-B553-1D946E6F71E7}.Release|Any CPU.Build.0 = Release|Any CPU
		{C0392B98-E5C3-456C-88CC-DE1DDEB35B7E}.Debug|Any CPU.ActiveCfg = Debug|Any CPU
		{C0392B98-E5C3-456C-88CC-DE1DDEB35B7E}.Debug|Any CPU.Build.0 = Debug|Any CPU
		{C0392B98-E5C3-456C-88CC-DE1DDEB35B7E}.Release|Any CPU.ActiveCfg = Release|Any CPU
		{C0392B98-E5C3-456C-88CC-DE1DDEB35B7E}.Release|Any CPU.Build.0 = Release|Any CPU
		{26D05630-679C-4267-88FE-46DCF397C50E}.Debug|Any CPU.ActiveCfg = Debug|Any CPU
		{26D05630-679C-4267-88FE-46DCF397C50E}.Debug|Any CPU.Build.0 = Debug|Any CPU
		{26D05630-679C-4267-88FE-46DCF397C50E}.Release|Any CPU.ActiveCfg = Release|Any CPU
		{26D05630-679C-4267-88FE-46DCF397C50E}.Release|Any CPU.Build.0 = Release|Any CPU
		{95C5CA1E-831D-4C42-A18E-DC43199E1C08}.Debug|Any CPU.ActiveCfg = Debug|Any CPU
		{95C5CA1E-831D-4C42-A18E-DC43199E1C08}.Debug|Any CPU.Build.0 = Debug|Any CPU
		{95C5CA1E-831D-4C42-A18E-DC43199E1C08}.Release|Any CPU.ActiveCfg = Release|Any CPU
		{95C5CA1E-831D-4C42-A18E-DC43199E1C08}.Release|Any CPU.Build.0 = Release|Any CPU
	EndGlobalSection
	GlobalSection(SolutionProperties) = preSolution
		HideSolutionNode = FALSE
	EndGlobalSection
	GlobalSection(NestedProjects) = preSolution
		{C0392B98-E5C3-456C-88CC-DE1DDEB35B7E} = {7CEBF8F5-85B2-4767-8CAF-8FF2A6ED70EE}
		{94C082D4-398D-4978-940C-B6E459850466} = {2657F428-129B-4640-B061-F233827C1332}
		{7CEBF8F5-85B2-4767-8CAF-8FF2A6ED70EE} = {2657F428-129B-4640-B061-F233827C1332}
		{222AA629-F9A1-4008-8F70-6E8991C3F172} = {2657F428-129B-4640-B061-F233827C1332}
		{A78800B7-EE9B-4D70-9EEE-1222D375137A} = {2657F428-129B-4640-B061-F233827C1332}
	EndGlobalSection
	GlobalSection(ExtensibilityGlobals) = postSolution
		SolutionGuid = {542A833D-AD47-4D07-B7F0-BA0B4EB4E111}
	EndGlobalSection
EndGlobal
